
Microsoft Visual Studio Solution File, Format Version 12.00
# Visual Studio 15
VisualStudioVersion = 15.0.28307.1022
MinimumVisualStudioVersion = 10.0.40219.1
Project("{8BC9CEB8-8B4A-11D0-8D11-00A0C91BC942}") = "cpp_programe", "cpp_programe\cpp_programe.vcxproj", "{CBB97253-9FCD-4190-A28B-5D5A7E3AE42A}"
EndProject
Global
	GlobalSection(SolutionConfigurationPlatforms) = preSolution
		Debug|x64 = Debug|x64
		Debug|x86 = Debug|x86
		Release|x64 = Release|x64
		Release|x86 = Release|x86
	EndGlobalSection
	GlobalSection(ProjectConfigurationPlatforms) = postSolution
		{CBB97253-9FCD-4190-A28B-5D5A7E3AE42A}.Debug|x64.ActiveCfg = Debug|x64
		{CBB97253-9FCD-4190-A28B-5D5A7E3AE42A}.Debug|x64.Build.0 = Debug|x64
		{CBB97253-9FCD-4190-A28B-5D5A7E3AE42A}.Debug|x86.ActiveCfg = Debug|Win32
		{CBB97253-9FCD-4190-A28B-5D5A7E3AE42A}.Debug|x86.Build.0 = Debug|Win32
		{CBB97253-9FCD-4190-A28B-5D5A7E3AE42A}.Release|x64.ActiveCfg = Release|x64
		{CBB97253-9FCD-4190-A28B-5D5A7E3AE42A}.Release|x64.Build.0 = Release|x64
		{CBB97253-9FCD-4190-A28B-5D5A7E3AE42A}.Release|x86.ActiveCfg = Release|Win32
		{CBB97253-9FCD-4190-A28B-5D5A7E3AE42A}.Release|x86.Build.0 = Release|Win32
	EndGlobalSection
	GlobalSection(SolutionProperties) = preSolution
		HideSolutionNode = FALSE
	EndGlobalSection
	GlobalSection(ExtensibilityGlobals) = postSolution
		SolutionGuid = {C3512ADA-80FD-463E-975D-37018EADCB8A}
	EndGlobalSection
EndGlobal
